// !$*UTF8*$!
{
	archiveVersion = 1;
	classes = {
	};
	objectVersion = 50;
	objects = {

/* Begin PBXBuildFile section */
		D029769224CCE18700D48AA0 /* MyPeloton_AppApp.swift in Sources */ = {isa = PBXBuildFile; fileRef = D029769124CCE18700D48AA0 /* MyPeloton_AppApp.swift */; };
		D029769424CCE18700D48AA0 /* ContentView.swift in Sources */ = {isa = PBXBuildFile; fileRef = D029769324CCE18700D48AA0 /* ContentView.swift */; };
		D029769624CCE18900D48AA0 /* Assets.xcassets in Resources */ = {isa = PBXBuildFile; fileRef = D029769524CCE18900D48AA0 /* Assets.xcassets */; };
		D029769924CCE18900D48AA0 /* Preview Assets.xcassets in Resources */ = {isa = PBXBuildFile; fileRef = D029769824CCE18900D48AA0 /* Preview Assets.xcassets */; };
		D02976A124CCE1D300D48AA0 /* WorkoutModel.swift in Sources */ = {isa = PBXBuildFile; fileRef = D02976A024CCE1D300D48AA0 /* WorkoutModel.swift */; };
		D02976A524CCE70300D48AA0 /* WorkoutRowView.swift in Sources */ = {isa = PBXBuildFile; fileRef = D02976A424CCE70300D48AA0 /* WorkoutRowView.swift */; };
		D0644C4B24DC64F900B48A96 /* WorkoutChartView.swift in Sources */ = {isa = PBXBuildFile; fileRef = D0644C4A24DC64F900B48A96 /* WorkoutChartView.swift */; };
		D0644C4D24DDC1F600B48A96 /* WorkoutDetailView.swift in Sources */ = {isa = PBXBuildFile; fileRef = D0644C4C24DDC1F600B48A96 /* WorkoutDetailView.swift */; };
		D0644C4F24DE0BE500B48A96 /* WorkoutBarView.swift in Sources */ = {isa = PBXBuildFile; fileRef = D0644C4E24DE0BE400B48A96 /* WorkoutBarView.swift */; };
		D0644C5124DE0F4D00B48A96 /* PersonalBestView.swift in Sources */ = {isa = PBXBuildFile; fileRef = D0644C5024DE0F4D00B48A96 /* PersonalBestView.swift */; };
		D0644C5324E0BE5200B48A96 /* ChelseaData.json in Resources */ = {isa = PBXBuildFile; fileRef = D0644C5224E0BE5100B48A96 /* ChelseaData.json */; };
		D0A600C9273B425100387AE7 /* WorkoutData.json in Resources */ = {isa = PBXBuildFile; fileRef = D0A600C8273B425100387AE7 /* WorkoutData.json */; };
/* End PBXBuildFile section */

/* Begin PBXFileReference section */
		D029768E24CCE18700D48AA0 /* MyPeloton App.app */ = {isa = PBXFileReference; explicitFileType = wrapper.application; includeInIndex = 0; path = "MyPeloton App.app"; sourceTree = BUILT_PRODUCTS_DIR; };
		D029769124CCE18700D48AA0 /* MyPeloton_AppApp.swift */ = {isa = PBXFileReference; lastKnownFileType = sourcecode.swift; path = MyPeloton_AppApp.swift; sourceTree = "<group>"; };
		D029769324CCE18700D48AA0 /* ContentView.swift */ = {isa = PBXFileReference; lastKnownFileType = sourcecode.swift; path = ContentView.swift; sourceTree = "<group>"; };
		D029769524CCE18900D48AA0 /* Assets.xcassets */ = {isa = PBXFileReference; lastKnownFileType = folder.assetcatalog; path = Assets.xcassets; sourceTree = "<group>"; };
		D029769824CCE18900D48AA0 /* Preview Assets.xcassets */ = {isa = PBXFileReference; lastKnownFileType = folder.assetcatalog; path = "Preview Assets.xcassets"; sourceTree = "<group>"; };
		D029769A24CCE18900D48AA0 /* Info.plist */ = {isa = PBXFileReference; lastKnownFileType = text.plist.xml; path = Info.plist; sourceTree = "<group>"; };
		D02976A024CCE1D300D48AA0 /* WorkoutModel.swift */ = {isa = PBXFileReference; lastKnownFileType = sourcecode.swift; path = WorkoutModel.swift; sourceTree = "<group>"; };
		D02976A424CCE70300D48AA0 /* WorkoutRowView.swift */ = {isa = PBXFileReference; lastKnownFileType = sourcecode.swift; path = WorkoutRowView.swift; sourceTree = "<group>"; };
		D0644C4A24DC64F900B48A96 /* WorkoutChartView.swift */ = {isa = PBXFileReference; lastKnownFileType = sourcecode.swift; path = WorkoutChartView.swift; sourceTree = "<group>"; };
		D0644C4C24DDC1F600B48A96 /* WorkoutDetailView.swift */ = {isa = PBXFileReference; lastKnownFileType = sourcecode.swift; path = WorkoutDetailView.swift; sourceTree = "<group>"; };
		D0644C4E24DE0BE400B48A96 /* WorkoutBarView.swift */ = {isa = PBXFileReference; lastKnownFileType = sourcecode.swift; path = WorkoutBarView.swift; sourceTree = "<group>"; };
		D0644C5024DE0F4D00B48A96 /* PersonalBestView.swift */ = {isa = PBXFileReference; lastKnownFileType = sourcecode.swift; path = PersonalBestView.swift; sourceTree = "<group>"; };
		D0644C5224E0BE5100B48A96 /* ChelseaData.json */ = {isa = PBXFileReference; lastKnownFileType = text.json; path = ChelseaData.json; sourceTree = "<group>"; };
		D0A600C8273B425100387AE7 /* WorkoutData.json */ = {isa = PBXFileReference; lastKnownFileType = text.json; path = WorkoutData.json; sourceTree = "<group>"; };
/* End PBXFileReference section */

/* Begin PBXFrameworksBuildPhase section */
		D029768B24CCE18700D48AA0 /* Frameworks */ = {
			isa = PBXFrameworksBuildPhase;
			buildActionMask = 2147483647;
			files = (
			);
			runOnlyForDeploymentPostprocessing = 0;
		};
/* End PBXFrameworksBuildPhase section */

/* Begin PBXGroup section */
		D029768524CCE18600D48AA0 = {
			isa = PBXGroup;
			children = (
				D029769024CCE18700D48AA0 /* MyPeloton App */,
				D029768F24CCE18700D48AA0 /* Products */,
			);
			sourceTree = "<group>";
		};
		D029768F24CCE18700D48AA0 /* Products */ = {
			isa = PBXGroup;
			children = (
				D029768E24CCE18700D48AA0 /* MyPeloton App.app */,
			);
			name = Products;
			sourceTree = "<group>";
		};
		D029769024CCE18700D48AA0 /* MyPeloton App */ = {
			isa = PBXGroup;
			children = (
				D029769124CCE18700D48AA0 /* MyPeloton_AppApp.swift */,
				D029769324CCE18700D48AA0 /* ContentView.swift */,
				D02976A424CCE70300D48AA0 /* WorkoutRowView.swift */,
				D0644C4A24DC64F900B48A96 /* WorkoutChartView.swift */,
				D0644C4E24DE0BE400B48A96 /* WorkoutBarView.swift */,
				D0644C5024DE0F4D00B48A96 /* PersonalBestView.swift */,
				D0644C4C24DDC1F600B48A96 /* WorkoutDetailView.swift */,
				D02976A024CCE1D300D48AA0 /* WorkoutModel.swift */,
				D0A600C8273B425100387AE7 /* WorkoutData.json */,
				D0644C5224E0BE5100B48A96 /* ChelseaData.json */,
				D029769524CCE18900D48AA0 /* Assets.xcassets */,
				D029769A24CCE18900D48AA0 /* Info.plist */,
				D029769724CCE18900D48AA0 /* Preview Content */,
			);
			path = "MyPeloton App";
			sourceTree = "<group>";
		};
		D029769724CCE18900D48AA0 /* Preview Content */ = {
			isa = PBXGroup;
			children = (
				D029769824CCE18900D48AA0 /* Preview Assets.xcassets */,
			);
			path = "Preview Content";
			sourceTree = "<group>";
		};
/* End PBXGroup section */

/* Begin PBXNativeTarget section */
		D029768D24CCE18700D48AA0 /* MyPeloton App */ = {
			isa = PBXNativeTarget;
			buildConfigurationList = D029769D24CCE18900D48AA0 /* Build configuration list for PBXNativeTarget "MyPeloton App" */;
			buildPhases = (
				D029768A24CCE18700D48AA0 /* Sources */,
				D029768B24CCE18700D48AA0 /* Frameworks */,
				D029768C24CCE18700D48AA0 /* Resources */,
			);
			buildRules = (
			);
			dependencies = (
			);
			name = "MyPeloton App";
			productName = "MyPeloton App";
			productReference = D029768E24CCE18700D48AA0 /* MyPeloton App.app */;
			productType = "com.apple.product-type.application";
		};
/* End PBXNativeTarget section */

/* Begin PBXProject section */
		D029768624CCE18600D48AA0 /* Project object */ = {
			isa = PBXProject;
			attributes = {
				LastSwiftUpdateCheck = 1200;
				LastUpgradeCheck = 1200;
				TargetAttributes = {
					D029768D24CCE18700D48AA0 = {
						CreatedOnToolsVersion = 12.0;
					};
				};
			};
			buildConfigurationList = D029768924CCE18600D48AA0 /* Build configuration list for PBXProject "MyPeloton App" */;
			compatibilityVersion = "Xcode 9.3";
			developmentRegion = en;
			hasScannedForEncodings = 0;
			knownRegions = (
				en,
				Base,
			);
			mainGroup = D029768524CCE18600D48AA0;
			productRefGroup = D029768F24CCE18700D48AA0 /* Products */;
			projectDirPath = "";
			projectRoot = "";
			targets = (
				D029768D24CCE18700D48AA0 /* MyPeloton App */,
			);
		};
/* End PBXProject section */

/* Begin PBXResourcesBuildPhase section */
		D029768C24CCE18700D48AA0 /* Resources */ = {
			isa = PBXResourcesBuildPhase;
			buildActionMask = 2147483647;
			files = (
				D029769924CCE18900D48AA0 /* Preview Assets.xcassets in Resources */,
				D0A600C9273B425100387AE7 /* WorkoutData.json in Resources */,
				D029769624CCE18900D48AA0 /* Assets.xcassets in Resources */,
				D0644C5324E0BE5200B48A96 /* ChelseaData.json in Resources */,
			);
			runOnlyForDeploymentPostprocessing = 0;
		};
/* End PBXResourcesBuildPhase section */

/* Begin PBXSourcesBuildPhase section */
		D029768A24CCE18700D48AA0 /* Sources */ = {
			isa = PBXSourcesBuildPhase;
			buildActionMask = 2147483647;
			files = (
				D029769424CCE18700D48AA0 /* ContentView.swift in Sources */,
				D0644C4D24DDC1F600B48A96 /* WorkoutDetailView.swift in Sources */,
				D02976A524CCE70300D48AA0 /* WorkoutRowView.swift in Sources */,
				D02976A124CCE1D300D48AA0 /* WorkoutModel.swift in Sources */,
				D029769224CCE18700D48AA0 /* MyPeloton_AppApp.swift in Sources */,
				D0644C4F24DE0BE500B48A96 /* WorkoutBarView.swift in Sources */,
				D0644C5124DE0F4D00B48A96 /* PersonalBestView.swift in Sources */,
				D0644C4B24DC64F900B48A96 /* WorkoutChartView.swift in Sources */,
			);
			runOnlyForDeploymentPostprocessing = 0;
		};
/* End PBXSourcesBuildPhase section */

/* Begin XCBuildConfiguration section */
		D029769B24CCE18900D48AA0 /* Debug */ = {
			isa = XCBuildConfiguration;
			buildSettings = {
				ALWAYS_SEARCH_USER_PATHS = NO;
				CLANG_ANALYZER_NONNULL = YES;
				CLANG_ANALYZER_NUMBER_OBJECT_CONVERSION = YES_AGGRESSIVE;
				CLANG_CXX_LANGUAGE_STANDARD = "gnu++14";
				CLANG_CXX_LIBRARY = "libc++";
				CLANG_ENABLE_MODULES = YES;
				CLANG_ENABLE_OBJC_ARC = YES;
				CLANG_ENABLE_OBJC_WEAK = YES;
				CLANG_WARN_BLOCK_CAPTURE_AUTORELEASING = YES;
				CLANG_WARN_BOOL_CONVERSION = YES;
				CLANG_WARN_COMMA = YES;
				CLANG_WARN_CONSTANT_CONVERSION = YES;
				CLANG_WARN_DEPRECATED_OBJC_IMPLEMENTATIONS = YES;
				CLANG_WARN_DIRECT_OBJC_ISA_USAGE = YES_ERROR;
				CLANG_WARN_DOCUMENTATION_COMMENTS = YES;
				CLANG_WARN_EMPTY_BODY = YES;
				CLANG_WARN_ENUM_CONVERSION = YES;
				CLANG_WARN_INFINITE_RECURSION = YES;
				CLANG_WARN_INT_CONVERSION = YES;
				CLANG_WARN_NON_LITERAL_NULL_CONVERSION = YES;
				CLANG_WARN_OBJC_IMPLICIT_RETAIN_SELF = YES;
				CLANG_WARN_OBJC_LITERAL_CONVERSION = YES;
				CLANG_WARN_OBJC_ROOT_CLASS = YES_ERROR;
				CLANG_WARN_QUOTED_INCLUDE_IN_FRAMEWORK_HEADER = YES;
				CLANG_WARN_RANGE_LOOP_ANALYSIS = YES;
				CLANG_WARN_STRICT_PROTOTYPES = YES;
				CLANG_WARN_SUSPICIOUS_MOVE = YES;
				CLANG_WARN_UNGUARDED_AVAILABILITY = YES_AGGRESSIVE;
				CLANG_WARN_UNREACHABLE_CODE = YES;
				CLANG_WARN__DUPLICATE_METHOD_MATCH = YES;
				COPY_PHASE_STRIP = NO;
				DEBUG_INFORMATION_FORMAT = dwarf;
				ENABLE_STRICT_OBJC_MSGSEND = YES;
				ENABLE_TESTABILITY = YES;
				GCC_C_LANGUAGE_STANDARD = gnu11;
				GCC_DYNAMIC_NO_PIC = NO;
				GCC_NO_COMMON_BLOCKS = YES;
				GCC_OPTIMIZATION_LEVEL = 0;
				GCC_PREPROCESSOR_DEFINITIONS = (
					"DEBUG=1",
					"$(inherited)",
				);
				GCC_WARN_64_TO_32_BIT_CONVERSION = YES;
				GCC_WARN_ABOUT_RETURN_TYPE = YES_ERROR;
				GCC_WARN_UNDECLARED_SELECTOR = YES;
				GCC_WARN_UNINITIALIZED_AUTOS = YES_AGGRESSIVE;
				GCC_WARN_UNUSED_FUNCTION = YES;
				GCC_WARN_UNUSED_VARIABLE = YES;
				IPHONEOS_DEPLOYMENT_TARGET = 14.0;
				MTL_ENABLE_DEBUG_INFO = INCLUDE_SOURCE;
				MTL_FAST_MATH = YES;
				ONLY_ACTIVE_ARCH = YES;
				SDKROOT = iphoneos;
				SWIFT_ACTIVE_COMPILATION_CONDITIONS = DEBUG;
				SWIFT_OPTIMIZATION_LEVEL = "-Onone";
			};
			name = Debug;
		};
		D029769C24CCE18900D48AA0 /* Release */ = {
			isa = XCBuildConfiguration;
			buildSettings = {
				ALWAYS_SEARCH_USER_PATHS = NO;
				CLANG_ANALYZER_NONNULL = YES;
				CLANG_ANALYZER_NUMBER_OBJECT_CONVERSION = YES_AGGRESSIVE;
				CLANG_CXX_LANGUAGE_STANDARD = "gnu++14";
				CLANG_CXX_LIBRARY = "libc++";
				CLANG_ENABLE_MODULES = YES;
				CLANG_ENABLE_OBJC_ARC = YES;
				CLANG_ENABLE_OBJC_WEAK = YES;
				CLANG_WARN_BLOCK_CAPTURE_AUTORELEASING = YES;
				CLANG_WARN_BOOL_CONVERSION = YES;
				CLANG_WARN_COMMA = YES;
				CLANG_WARN_CONSTANT_CONVERSION = YES;
				CLANG_WARN_DEPRECATED_OBJC_IMPLEMENTATIONS = YES;
				CLANG_WARN_DIRECT_OBJC_ISA_USAGE = YES_ERROR;
				CLANG_WARN_DOCUMENTATION_COMMENTS = YES;
				CLANG_WARN_EMPTY_BODY = YES;
				CLANG_WARN_ENUM_CONVERSION = YES;
				CLANG_WARN_INFINITE_RECURSION = YES;
				CLANG_WARN_INT_CONVERSION = YES;
				CLANG_WARN_NON_LITERAL_NULL_CONVERSION = YES;
				CLANG_WARN_OBJC_IMPLICIT_RETAIN_SELF = YES;
				CLANG_WARN_OBJC_LITERAL_CONVERSION = YES;
				CLANG_WARN_OBJC_ROOT_CLASS = YES_ERROR;
				CLANG_WARN_QUOTED_INCLUDE_IN_FRAMEWORK_HEADER = YES;
				CLANG_WARN_RANGE_LOOP_ANALYSIS = YES;
				CLANG_WARN_STRICT_PROTOTYPES = YES;
				CLANG_WARN_SUSPICIOUS_MOVE = YES;
				CLANG_WARN_UNGUARDED_AVAILABILITY = YES_AGGRESSIVE;
				CLANG_WARN_UNREACHABLE_CODE = YES;
				CLANG_WARN__DUPLICATE_METHOD_MATCH = YES;
				COPY_PHASE_STRIP = NO;
				DEBUG_INFORMATION_FORMAT = "dwarf-with-dsym";
				ENABLE_NS_ASSERTIONS = NO;
				ENABLE_STRICT_OBJC_MSGSEND = YES;
				GCC_C_LANGUAGE_STANDARD = gnu11;
				GCC_NO_COMMON_BLOCKS = YES;
				GCC_WARN_64_TO_32_BIT_CONVERSION = YES;
				GCC_WARN_ABOUT_RETURN_TYPE = YES_ERROR;
				GCC_WARN_UNDECLARED_SELECTOR = YES;
				GCC_WARN_UNINITIALIZED_AUTOS = YES_AGGRESSIVE;
				GCC_WARN_UNUSED_FUNCTION = YES;
				GCC_WARN_UNUSED_VARIABLE = YES;
				IPHONEOS_DEPLOYMENT_TARGET = 14.0;
				MTL_ENABLE_DEBUG_INFO = NO;
				MTL_FAST_MATH = YES;
				SDKROOT = iphoneos;
				SWIFT_COMPILATION_MODE = wholemodule;
				SWIFT_OPTIMIZATION_LEVEL = "-O";
				VALIDATE_PRODUCT = YES;
			};
			name = Release;
		};
		D029769E24CCE18900D48AA0 /* Debug */ = {
			isa = XCBuildConfiguration;
			buildSettings = {
				ASSETCATALOG_COMPILER_APPICON_NAME = AppIcon;
				ASSETCATALOG_COMPILER_GLOBAL_ACCENT_COLOR_NAME = AccentColor;
				CODE_SIGN_STYLE = Automatic;
				DEVELOPMENT_ASSET_PATHS = "\"MyPeloton App/Preview Content\"";
				DEVELOPMENT_TEAM = 6257XTCRBF;
				ENABLE_PREVIEWS = YES;
				INFOPLIST_FILE = "MyPeloton App/Info.plist";
				IPHONEOS_DEPLOYMENT_TARGET = 14.0;
				LD_RUNPATH_SEARCH_PATHS = (
					"$(inherited)",
					"@executable_path/Frameworks",
				);
				PRODUCT_BUNDLE_IDENTIFIER = "com.Alphonso.Sensley.MyPeloton-App";
				PRODUCT_NAME = "$(TARGET_NAME)";
				SWIFT_VERSION = 5.0;
				TARGETED_DEVICE_FAMILY = "1,2";
			};
			name = Debug;
		};
		D029769F24CCE18900D48AA0 /* Release */ = {
			isa = XCBuildConfiguration;
			buildSettings = {
				ASSETCATALOG_COMPILER_APPICON_NAME = AppIcon;
				ASSETCATALOG_COMPILER_GLOBAL_ACCENT_COLOR_NAME = AccentColor;
				CODE_SIGN_STYLE = Automatic;
				DEVELOPMENT_ASSET_PATHS = "\"MyPeloton App/Preview Content\"";
				DEVELOPMENT_TEAM = 6257XTCRBF;
				ENABLE_PREVIEWS = YES;
				INFOPLIST_FILE = "MyPeloton App/Info.plist";
				IPHONEOS_DEPLOYMENT_TARGET = 14.0;
				LD_RUNPATH_SEARCH_PATHS = (
					"$(inherited)",
					"@executable_path/Frameworks",
				);
				PRODUCT_BUNDLE_IDENTIFIER = "com.Alphonso.Sensley.MyPeloton-App";
				PRODUCT_NAME = "$(TARGET_NAME)";
				SWIFT_VERSION = 5.0;
				TARGETED_DEVICE_FAMILY = "1,2";
			};
			name = Release;
		};
/* End XCBuildConfiguration section */

/* Begin XCConfigurationList section */
		D029768924CCE18600D48AA0 /* Build configuration list for PBXProject "MyPeloton App" */ = {
			isa = XCConfigurationList;
			buildConfigurations = (
				D029769B24CCE18900D48AA0 /* Debug */,
				D029769C24CCE18900D48AA0 /* Release */,
			);
			defaultConfigurationIsVisible = 0;
			defaultConfigurationName = Release;
		};
		D029769D24CCE18900D48AA0 /* Build configuration list for PBXNativeTarget "MyPeloton App" */ = {
			isa = XCConfigurationList;
			buildConfigurations = (
				D029769E24CCE18900D48AA0 /* Debug */,
				D029769F24CCE18900D48AA0 /* Release */,
			);
			defaultConfigurationIsVisible = 0;
			defaultConfigurationName = Release;
		};
/* End XCConfigurationList section */
	};
	rootObject = D029768624CCE18600D48AA0 /* Project object */;
}
